
Microsoft Visual Studio Solution File, Format Version 12.00
# Visual Studio Version 17
VisualStudioVersion = 17.8.34330.188
MinimumVisualStudioVersion = 10.0.40219.1
Project("{F184B08F-C81C-45F6-A57F-5ABD9991F28F}") = "HelloWorld", "HelloWorld\HelloWorld.vbproj", "{1F343386-0A22-4377-94AA-957E4F5A5EE7}"
EndProject
Global
	GlobalSection(SolutionConfigurationPlatforms) = preSolution
		Debug|Any CPU = Debug|Any CPU
		Release|Any CPU = Release|Any CPU
	EndGlobalSection
	GlobalSection(ProjectConfigurationPlatforms) = postSolution
		{1F343386-0A22-4377-94AA-957E4F5A5EE7}.Debug|Any CPU.ActiveCfg = Debug|Any CPU
		{1F343386-0A22-4377-94AA-957E4F5A5EE7}.Debug|Any CPU.Build.0 = Debug|Any CPU
		{1F343386-0A22-4377-94AA-957E4F5A5EE7}.Release|Any CPU.ActiveCfg = Release|Any CPU
		{1F343386-0A22-4377-94AA-957E4F5A5EE7}.Release|Any CPU.Build.0 = Release|Any CPU
	EndGlobalSection
	GlobalSection(SolutionProperties) = preSolution
		HideSolutionNode = FALSE
	EndGlobalSection
	GlobalSection(ExtensibilityGlobals) = postSolution
		SolutionGuid = {73CAC228-7FB0-4A6D-80FF-BFBA0F57C78B}
	EndGlobalSection
EndGlobal
